// !$*UTF8*$!
{
	archiveVersion = 1;
	classes = {
	};
	objectVersion = 56;
	objects = {

/* Begin PBXBuildFile section */
		CC5B423B29DB0E2000A40DBE /* ItambahApp.swift in Sources */ = {isa = PBXBuildFile; fileRef = CC5B423A29DB0E2000A40DBE /* ItambahApp.swift */; };
		CC5B423D29DB0E2000A40DBE /* ContentView.swift in Sources */ = {isa = PBXBuildFile; fileRef = CC5B423C29DB0E2000A40DBE /* ContentView.swift */; };
		CC5B423F29DB0E2100A40DBE /* Assets.xcassets in Resources */ = {isa = PBXBuildFile; fileRef = CC5B423E29DB0E2100A40DBE /* Assets.xcassets */; };
		CC5B424229DB0E2100A40DBE /* Preview Assets.xcassets in Resources */ = {isa = PBXBuildFile; fileRef = CC5B424129DB0E2100A40DBE /* Preview Assets.xcassets */; };
		CC5B424929DB109C00A40DBE /* HomeView.swift in Sources */ = {isa = PBXBuildFile; fileRef = CC5B424829DB109C00A40DBE /* HomeView.swift */; };
		CC5B424B29DB176300A40DBE /* MainView.swift in Sources */ = {isa = PBXBuildFile; fileRef = CC5B424A29DB176300A40DBE /* MainView.swift */; };
		CCAA475E29E29A7800CEBD06 /* kids.mp3 in Resources */ = {isa = PBXBuildFile; fileRef = CCAA475D29E29A7800CEBD06 /* kids.mp3 */; };
		CCAA476029E29AEA00CEBD06 /* SoundManager.swift in Sources */ = {isa = PBXBuildFile; fileRef = CCAA475F29E29AEA00CEBD06 /* SoundManager.swift */; };
/* End PBXBuildFile section */

/* Begin PBXFileReference section */
		CC5B423729DB0E2000A40DBE /* Itambah.app */ = {isa = PBXFileReference; explicitFileType = wrapper.application; includeInIndex = 0; path = Itambah.app; sourceTree = BUILT_PRODUCTS_DIR; };
		CC5B423A29DB0E2000A40DBE /* ItambahApp.swift */ = {isa = PBXFileReference; lastKnownFileType = sourcecode.swift; path = ItambahApp.swift; sourceTree = "<group>"; };
		CC5B423C29DB0E2000A40DBE /* ContentView.swift */ = {isa = PBXFileReference; lastKnownFileType = sourcecode.swift; path = ContentView.swift; sourceTree = "<group>"; };
		CC5B423E29DB0E2100A40DBE /* Assets.xcassets */ = {isa = PBXFileReference; lastKnownFileType = folder.assetcatalog; path = Assets.xcassets; sourceTree = "<group>"; };
		CC5B424129DB0E2100A40DBE /* Preview Assets.xcassets */ = {isa = PBXFileReference; lastKnownFileType = folder.assetcatalog; path = "Preview Assets.xcassets"; sourceTree = "<group>"; };
		CC5B424829DB109C00A40DBE /* HomeView.swift */ = {isa = PBXFileReference; lastKnownFileType = sourcecode.swift; path = HomeView.swift; sourceTree = "<group>"; };
		CC5B424A29DB176300A40DBE /* MainView.swift */ = {isa = PBXFileReference; lastKnownFileType = sourcecode.swift; path = MainView.swift; sourceTree = "<group>"; };
		CCAA475D29E29A7800CEBD06 /* kids.mp3 */ = {isa = PBXFileReference; lastKnownFileType = audio.mp3; path = kids.mp3; sourceTree = "<group>"; };
		CCAA475F29E29AEA00CEBD06 /* SoundManager.swift */ = {isa = PBXFileReference; lastKnownFileType = sourcecode.swift; path = SoundManager.swift; sourceTree = "<group>"; };
/* End PBXFileReference section */

/* Begin PBXFrameworksBuildPhase section */
		CC5B423429DB0E2000A40DBE /* Frameworks */ = {
			isa = PBXFrameworksBuildPhase;
			buildActionMask = 2147483647;
			files = (
			);
			runOnlyForDeploymentPostprocessing = 0;
		};
/* End PBXFrameworksBuildPhase section */

/* Begin PBXGroup section */
		CC5B422E29DB0E2000A40DBE = {
			isa = PBXGroup;
			children = (
				CC5B423929DB0E2000A40DBE /* Itambah */,
				CC5B423829DB0E2000A40DBE /* Products */,
			);
			sourceTree = "<group>";
		};
		CC5B423829DB0E2000A40DBE /* Products */ = {
			isa = PBXGroup;
			children = (
				CC5B423729DB0E2000A40DBE /* Itambah.app */,
			);
			name = Products;
			sourceTree = "<group>";
		};
		CC5B423929DB0E2000A40DBE /* Itambah */ = {
			isa = PBXGroup;
			children = (
				CC5B423A29DB0E2000A40DBE /* ItambahApp.swift */,
				CC5B423C29DB0E2000A40DBE /* ContentView.swift */,
				CC5B424A29DB176300A40DBE /* MainView.swift */,
				CC5B424829DB109C00A40DBE /* HomeView.swift */,
				CCAA475F29E29AEA00CEBD06 /* SoundManager.swift */,
				CC5B423E29DB0E2100A40DBE /* Assets.xcassets */,
				CCAA475C29E29A4700CEBD06 /* sounds */,
				CC5B424029DB0E2100A40DBE /* Preview Content */,
			);
			path = Itambah;
			sourceTree = "<group>";
		};
		CC5B424029DB0E2100A40DBE /* Preview Content */ = {
			isa = PBXGroup;
			children = (
				CC5B424129DB0E2100A40DBE /* Preview Assets.xcassets */,
			);
			path = "Preview Content";
			sourceTree = "<group>";
		};
		CCAA475C29E29A4700CEBD06 /* sounds */ = {
			isa = PBXGroup;
			children = (
				CCAA475D29E29A7800CEBD06 /* kids.mp3 */,
			);
			path = sounds;
			sourceTree = "<group>";
		};
/* End PBXGroup section */

/* Begin PBXNativeTarget section */
		CC5B423629DB0E2000A40DBE /* Itambah */ = {
			isa = PBXNativeTarget;
			buildConfigurationList = CC5B424529DB0E2100A40DBE /* Build configuration list for PBXNativeTarget "Itambah" */;
			buildPhases = (
				CC5B423329DB0E2000A40DBE /* Sources */,
				CC5B423429DB0E2000A40DBE /* Frameworks */,
				CC5B423529DB0E2000A40DBE /* Resources */,
			);
			buildRules = (
			);
			dependencies = (
			);
			name = Itambah;
			productName = Itambah;
			productReference = CC5B423729DB0E2000A40DBE /* Itambah.app */;
			productType = "com.apple.product-type.application";
		};
/* End PBXNativeTarget section */

/* Begin PBXProject section */
		CC5B422F29DB0E2000A40DBE /* Project object */ = {
			isa = PBXProject;
			attributes = {
				BuildIndependentTargetsInParallel = 1;
				LastSwiftUpdateCheck = 1420;
				LastUpgradeCheck = 1420;
				TargetAttributes = {
					CC5B423629DB0E2000A40DBE = {
						CreatedOnToolsVersion = 14.2;
					};
				};
			};
			buildConfigurationList = CC5B423229DB0E2000A40DBE /* Build configuration list for PBXProject "Itambah" */;
			compatibilityVersion = "Xcode 14.0";
			developmentRegion = en;
			hasScannedForEncodings = 0;
			knownRegions = (
				en,
				Base,
			);
			mainGroup = CC5B422E29DB0E2000A40DBE;
			productRefGroup = CC5B423829DB0E2000A40DBE /* Products */;
			projectDirPath = "";
			projectRoot = "";
			targets = (
				CC5B423629DB0E2000A40DBE /* Itambah */,
			);
		};
/* End PBXProject section */

/* Begin PBXResourcesBuildPhase section */
		CC5B423529DB0E2000A40DBE /* Resources */ = {
			isa = PBXResourcesBuildPhase;
			buildActionMask = 2147483647;
			files = (
				CC5B424229DB0E2100A40DBE /* Preview Assets.xcassets in Resources */,
				CC5B423F29DB0E2100A40DBE /* Assets.xcassets in Resources */,
				CCAA475E29E29A7800CEBD06 /* kids.mp3 in Resources */,
			);
			runOnlyForDeploymentPostprocessing = 0;
		};
/* End PBXResourcesBuildPhase section */

/* Begin PBXSourcesBuildPhase section */
		CC5B423329DB0E2000A40DBE /* Sources */ = {
			isa = PBXSourcesBuildPhase;
			buildActionMask = 2147483647;
			files = (
				CC5B424929DB109C00A40DBE /* HomeView.swift in Sources */,
				CC5B424B29DB176300A40DBE /* MainView.swift in Sources */,
				CC5B423D29DB0E2000A40DBE /* ContentView.swift in Sources */,
				CC5B423B29DB0E2000A40DBE /* ItambahApp.swift in Sources */,
				CCAA476029E29AEA00CEBD06 /* SoundManager.swift in Sources */,
			);
			runOnlyForDeploymentPostprocessing = 0;
		};
/* End PBXSourcesBuildPhase section */

/* Begin XCBuildConfiguration section */
		CC5B424329DB0E2100A40DBE /* Debug */ = {
			isa = XCBuildConfiguration;
			buildSettings = {
				ALWAYS_SEARCH_USER_PATHS = NO;
				CLANG_ANALYZER_NONNULL = YES;
				CLANG_ANALYZER_NUMBER_OBJECT_CONVERSION = YES_AGGRESSIVE;
				CLANG_CXX_LANGUAGE_STANDARD = "gnu++20";
				CLANG_ENABLE_MODULES = YES;
				CLANG_ENABLE_OBJC_ARC = YES;
				CLANG_ENABLE_OBJC_WEAK = YES;
				CLANG_WARN_BLOCK_CAPTURE_AUTORELEASING = YES;
				CLANG_WARN_BOOL_CONVERSION = YES;
				CLANG_WARN_COMMA = YES;
				CLANG_WARN_CONSTANT_CONVERSION = YES;
				CLANG_WARN_DEPRECATED_OBJC_IMPLEMENTATIONS = YES;
				CLANG_WARN_DIRECT_OBJC_ISA_USAGE = YES_ERROR;
				CLANG_WARN_DOCUMENTATION_COMMENTS = YES;
				CLANG_WARN_EMPTY_BODY = YES;
				CLANG_WARN_ENUM_CONVERSION = YES;
				CLANG_WARN_INFINITE_RECURSION = YES;
				CLANG_WARN_INT_CONVERSION = YES;
				CLANG_WARN_NON_LITERAL_NULL_CONVERSION = YES;
				CLANG_WARN_OBJC_IMPLICIT_RETAIN_SELF = YES;
				CLANG_WARN_OBJC_LITERAL_CONVERSION = YES;
				CLANG_WARN_OBJC_ROOT_CLASS = YES_ERROR;
				CLANG_WARN_QUOTED_INCLUDE_IN_FRAMEWORK_HEADER = YES;
				CLANG_WARN_RANGE_LOOP_ANALYSIS = YES;
				CLANG_WARN_STRICT_PROTOTYPES = YES;
				CLANG_WARN_SUSPICIOUS_MOVE = YES;
				CLANG_WARN_UNGUARDED_AVAILABILITY = YES_AGGRESSIVE;
				CLANG_WARN_UNREACHABLE_CODE = YES;
				CLANG_WARN__DUPLICATE_METHOD_MATCH = YES;
				COPY_PHASE_STRIP = NO;
				DEBUG_INFORMATION_FORMAT = dwarf;
				ENABLE_STRICT_OBJC_MSGSEND = YES;
				ENABLE_TESTABILITY = YES;
				GCC_C_LANGUAGE_STANDARD = gnu11;
				GCC_DYNAMIC_NO_PIC = NO;
				GCC_NO_COMMON_BLOCKS = YES;
				GCC_OPTIMIZATION_LEVEL = 0;
				GCC_PREPROCESSOR_DEFINITIONS = (
					"DEBUG=1",
					"$(inherited)",
				);
				GCC_WARN_64_TO_32_BIT_CONVERSION = YES;
				GCC_WARN_ABOUT_RETURN_TYPE = YES_ERROR;
				GCC_WARN_UNDECLARED_SELECTOR = YES;
				GCC_WARN_UNINITIALIZED_AUTOS = YES_AGGRESSIVE;
				GCC_WARN_UNUSED_FUNCTION = YES;
				GCC_WARN_UNUSED_VARIABLE = YES;
				IPHONEOS_DEPLOYMENT_TARGET = 16.2;
				MTL_ENABLE_DEBUG_INFO = INCLUDE_SOURCE;
				MTL_FAST_MATH = YES;
				ONLY_ACTIVE_ARCH = YES;
				SDKROOT = iphoneos;
				SWIFT_ACTIVE_COMPILATION_CONDITIONS = DEBUG;
				SWIFT_OPTIMIZATION_LEVEL = "-Onone";
			};
			name = Debug;
		};
		CC5B424429DB0E2100A40DBE /* Release */ = {
			isa = XCBuildConfiguration;
			buildSettings = {
				ALWAYS_SEARCH_USER_PATHS = NO;
				CLANG_ANALYZER_NONNULL = YES;
				CLANG_ANALYZER_NUMBER_OBJECT_CONVERSION = YES_AGGRESSIVE;
				CLANG_CXX_LANGUAGE_STANDARD = "gnu++20";
				CLANG_ENABLE_MODULES = YES;
				CLANG_ENABLE_OBJC_ARC = YES;
				CLANG_ENABLE_OBJC_WEAK = YES;
				CLANG_WARN_BLOCK_CAPTURE_AUTORELEASING = YES;
				CLANG_WARN_BOOL_CONVERSION = YES;
				CLANG_WARN_COMMA = YES;
				CLANG_WARN_CONSTANT_CONVERSION = YES;
				CLANG_WARN_DEPRECATED_OBJC_IMPLEMENTATIONS = YES;
				CLANG_WARN_DIRECT_OBJC_ISA_USAGE = YES_ERROR;
				CLANG_WARN_DOCUMENTATION_COMMENTS = YES;
				CLANG_WARN_EMPTY_BODY = YES;
				CLANG_WARN_ENUM_CONVERSION = YES;
				CLANG_WARN_INFINITE_RECURSION = YES;
				CLANG_WARN_INT_CONVERSION = YES;
				CLANG_WARN_NON_LITERAL_NULL_CONVERSION = YES;
				CLANG_WARN_OBJC_IMPLICIT_RETAIN_SELF = YES;
				CLANG_WARN_OBJC_LITERAL_CONVERSION = YES;
				CLANG_WARN_OBJC_ROOT_CLASS = YES_ERROR;
				CLANG_WARN_QUOTED_INCLUDE_IN_FRAMEWORK_HEADER = YES;
				CLANG_WARN_RANGE_LOOP_ANALYSIS = YES;
				CLANG_WARN_STRICT_PROTOTYPES = YES;
				CLANG_WARN_SUSPICIOUS_MOVE = YES;
				CLANG_WARN_UNGUARDED_AVAILABILITY = YES_AGGRESSIVE;
				CLANG_WARN_UNREACHABLE_CODE = YES;
				CLANG_WARN__DUPLICATE_METHOD_MATCH = YES;
				COPY_PHASE_STRIP = NO;
				DEBUG_INFORMATION_FORMAT = "dwarf-with-dsym";
				ENABLE_NS_ASSERTIONS = NO;
				ENABLE_STRICT_OBJC_MSGSEND = YES;
				GCC_C_LANGUAGE_STANDARD = gnu11;
				GCC_NO_COMMON_BLOCKS = YES;
				GCC_WARN_64_TO_32_BIT_CONVERSION = YES;
				GCC_WARN_ABOUT_RETURN_TYPE = YES_ERROR;
				GCC_WARN_UNDECLARED_SELECTOR = YES;
				GCC_WARN_UNINITIALIZED_AUTOS = YES_AGGRESSIVE;
				GCC_WARN_UNUSED_FUNCTION = YES;
				GCC_WARN_UNUSED_VARIABLE = YES;
				IPHONEOS_DEPLOYMENT_TARGET = 16.2;
				MTL_ENABLE_DEBUG_INFO = NO;
				MTL_FAST_MATH = YES;
				SDKROOT = iphoneos;
				SWIFT_COMPILATION_MODE = wholemodule;
				SWIFT_OPTIMIZATION_LEVEL = "-O";
				VALIDATE_PRODUCT = YES;
			};
			name = Release;
		};
		CC5B424629DB0E2100A40DBE /* Debug */ = {
			isa = XCBuildConfiguration;
			buildSettings = {
				ASSETCATALOG_COMPILER_APPICON_NAME = AppIcon;
				ASSETCATALOG_COMPILER_GLOBAL_ACCENT_COLOR_NAME = AccentColor;
				CODE_SIGN_STYLE = Automatic;
				CURRENT_PROJECT_VERSION = 1;
				DEVELOPMENT_ASSET_PATHS = "\"Itambah/Preview Content\"";
				DEVELOPMENT_TEAM = MNPQBHRKTX;
				ENABLE_PREVIEWS = YES;
				GENERATE_INFOPLIST_FILE = YES;
				INFOPLIST_KEY_UIApplicationSceneManifest_Generation = YES;
				INFOPLIST_KEY_UIApplicationSupportsIndirectInputEvents = YES;
				INFOPLIST_KEY_UILaunchScreen_Generation = YES;
				INFOPLIST_KEY_UISupportedInterfaceOrientations_iPad = "UIInterfaceOrientationLandscapeLeft UIInterfaceOrientationLandscapeRight";
				INFOPLIST_KEY_UISupportedInterfaceOrientations_iPhone = "UIInterfaceOrientationLandscapeLeft UIInterfaceOrientationLandscapeRight";
				LD_RUNPATH_SEARCH_PATHS = (
					"$(inherited)",
					"@executable_path/Frameworks",
				);
				MARKETING_VERSION = 1.0;
				PRODUCT_BUNDLE_IDENTIFIER = ir.Itambah;
				PRODUCT_NAME = "$(TARGET_NAME)";
				SWIFT_EMIT_LOC_STRINGS = YES;
				SWIFT_VERSION = 5.0;
				TARGETED_DEVICE_FAMILY = "1,2";
			};
			name = Debug;
		};
		CC5B424729DB0E2100A40DBE /* Release */ = {
			isa = XCBuildConfiguration;
			buildSettings = {
				ASSETCATALOG_COMPILER_APPICON_NAME = AppIcon;
				ASSETCATALOG_COMPILER_GLOBAL_ACCENT_COLOR_NAME = AccentColor;
				CODE_SIGN_STYLE = Automatic;
				CURRENT_PROJECT_VERSION = 1;
				DEVELOPMENT_ASSET_PATHS = "\"Itambah/Preview Content\"";
				DEVELOPMENT_TEAM = MNPQBHRKTX;
				ENABLE_PREVIEWS = YES;
				GENERATE_INFOPLIST_FILE = YES;
				INFOPLIST_KEY_UIApplicationSceneManifest_Generation = YES;
				INFOPLIST_KEY_UIApplicationSupportsIndirectInputEvents = YES;
				INFOPLIST_KEY_UILaunchScreen_Generation = YES;
				INFOPLIST_KEY_UISupportedInterfaceOrientations_iPad = "UIInterfaceOrientationLandscapeLeft UIInterfaceOrientationLandscapeRight";
				INFOPLIST_KEY_UISupportedInterfaceOrientations_iPhone = "UIInterfaceOrientationLandscapeLeft UIInterfaceOrientationLandscapeRight";
				LD_RUNPATH_SEARCH_PATHS = (
					"$(inherited)",
					"@executable_path/Frameworks",
				);
				MARKETING_VERSION = 1.0;
				PRODUCT_BUNDLE_IDENTIFIER = ir.Itambah;
				PRODUCT_NAME = "$(TARGET_NAME)";
				SWIFT_EMIT_LOC_STRINGS = YES;
				SWIFT_VERSION = 5.0;
				TARGETED_DEVICE_FAMILY = "1,2";
			};
			name = Release;
		};
/* End XCBuildConfiguration section */

/* Begin XCConfigurationList section */
		CC5B423229DB0E2000A40DBE /* Build configuration list for PBXProject "Itambah" */ = {
			isa = XCConfigurationList;
			buildConfigurations = (
				CC5B424329DB0E2100A40DBE /* Debug */,
				CC5B424429DB0E2100A40DBE /* Release */,
			);
			defaultConfigurationIsVisible = 0;
			defaultConfigurationName = Release;
		};
		CC5B424529DB0E2100A40DBE /* Build configuration list for PBXNativeTarget "Itambah" */ = {
			isa = XCConfigurationList;
			buildConfigurations = (
				CC5B424629DB0E2100A40DBE /* Debug */,
				CC5B424729DB0E2100A40DBE /* Release */,
			);
			defaultConfigurationIsVisible = 0;
			defaultConfigurationName = Release;
		};
/* End XCConfigurationList section */
	};
	rootObject = CC5B422F29DB0E2000A40DBE /* Project object */;
}
